{
    "version": 3,
    "terraform_version": "0.11.7",
    "serial": 2,
    "lineage": "c73ef205-06e0-6115-be50-69128693230f",
    "modules": [
        {
            "path": [
                "root"
            ],
            "outputs": {},
            "resources": {
                "rancher_environment.dentsu": {
                    "type": "rancher_environment",
                    "depends_on": [],
                    "primary": {
                        "id": "1a7",
                        "attributes": {
                            "description": "Demonstration dentsu",
                            "id": "1a7",
                            "member.#": "1",
                            "member.4151927288.external_id": "1a1",
                            "member.4151927288.external_id_type": "rancher_id",
                            "member.4151927288.role": "owner",
                            "name": "Dentsu",
                            "orchestration": "kubernetes",
                            "project_template_id": "1pt1"
                        },
                        "meta": {},
                        "tainted": false
                    },
                    "deposed": [],
                    "provider": "provider.rancher"
                },
                "rancher_host.k8s": {
                    "type": "rancher_host",
                    "depends_on": [
                        "rancher_environment.dentsu"
                    ],
                    "primary": {
                        "id": "1h1",
                        "attributes": {
                            "description": "Node k8s",
                            "environment_id": "1a7",
                            "hostname": "k8s",
                            "id": "1h1",
                            "labels.%": "0",
                            "name": "k8s"
                        },
                        "meta": {},
                        "tainted": false
                    },
                    "deposed": [],
                    "provider": "provider.rancher"
                },
                "rancher_registration_token.dentsu-token": {
                    "type": "rancher_registration_token",
                    "depends_on": [
                        "rancher_environment.dentsu"
                    ],
                    "primary": {
                        "id": "1c2",
                        "attributes": {
                            "command": "sudo docker run --rm --privileged -v /var/run/docker.sock:/var/run/docker.sock -v /var/lib/rancher:/var/lib/rancher rancher/agent:v1.2.10 http://localhost:8080/v2-beta/projects/1a7/scripts/C9BD8A8E2D11046A42F3:1514678400000:Yf7pKEq9lczbQXVMs0Qtp64FXKE",
                            "description": "Host registration token for Demo environment",
                            "environment_id": "1a7",
                            "id": "1c2",
                            "image": "rancher/agent:v1.2.10",
                            "name": "dentsu-token",
                            "registration_url": "http://localhost:8080/v2-beta/projects/1a7/scripts/C9BD8A8E2D11046A42F3:1514678400000:Yf7pKEq9lczbQXVMs0Qtp64FXKE",
                            "token": "C9BD8A8E2D11046A42F3:1514678400000:Yf7pKEq9lczbQXVMs0Qtp64FXKE"
                        },
                        "meta": {},
                        "tainted": false
                    },
                    "deposed": [],
                    "provider": "provider.rancher"
                }
            },
            "depends_on": []
        }
    ]
}
